
Microsoft Visual Studio Solution File, Format Version 12.00
# Visual Studio Version 17
VisualStudioVersion = 17.3.32929.385
MinimumVisualStudioVersion = 10.0.40219.1
Project("{FAE04EC0-301F-11D3-BF4B-00C04F79EFBC}") = "ProjetoAula02", "ProjetoAula02\ProjetoAula02.csproj", "{0B511184-B518-4223-87AA-36D11E17A055}"
EndProject
Global
	GlobalSection(SolutionConfigurationPlatforms) = preSolution
		Debug|Any CPU = Debug|Any CPU
		Release|Any CPU = Release|Any CPU
	EndGlobalSection
	GlobalSection(ProjectConfigurationPlatforms) = postSolution
		{0B511184-B518-4223-87AA-36D11E17A055}.Debug|Any CPU.ActiveCfg = Debug|Any CPU
		{0B511184-B518-4223-87AA-36D11E17A055}.Debug|Any CPU.Build.0 = Debug|Any CPU
		{0B511184-B518-4223-87AA-36D11E17A055}.Release|Any CPU.ActiveCfg = Release|Any CPU
		{0B511184-B518-4223-87AA-36D11E17A055}.Release|Any CPU.Build.0 = Release|Any CPU
	EndGlobalSection
	GlobalSection(SolutionProperties) = preSolution
		HideSolutionNode = FALSE
	EndGlobalSection
	GlobalSection(ExtensibilityGlobals) = postSolution
		SolutionGuid = {3DFDD7E5-4669-4DE1-AC1B-4233BEC04827}
	EndGlobalSection
EndGlobal
